
Microsoft Visual Studio Solution File, Format Version 12.00
# Visual Studio 15
VisualStudioVersion = 15.0.27428.2027
MinimumVisualStudioVersion = 10.0.40219.1
Project("{FAE04EC0-301F-11D3-BF4B-00C04F79EFBC}") = "RPGKillerApp", "RPGKillerApp\RPGKillerApp.csproj", "{E5933624-C443-4071-95E6-53202EFB7A24}"
EndProject
Global
	GlobalSection(SolutionConfigurationPlatforms) = preSolution
		Debug|Any CPU = Debug|Any CPU
		Release|Any CPU = Release|Any CPU
	EndGlobalSection
	GlobalSection(ProjectConfigurationPlatforms) = postSolution
		{E5933624-C443-4071-95E6-53202EFB7A24}.Debug|Any CPU.ActiveCfg = Debug|Any CPU
		{E5933624-C443-4071-95E6-53202EFB7A24}.Debug|Any CPU.Build.0 = Debug|Any CPU
		{E5933624-C443-4071-95E6-53202EFB7A24}.Release|Any CPU.ActiveCfg = Release|Any CPU
		{E5933624-C443-4071-95E6-53202EFB7A24}.Release|Any CPU.Build.0 = Release|Any CPU
	EndGlobalSection
	GlobalSection(SolutionProperties) = preSolution
		HideSolutionNode = FALSE
	EndGlobalSection
	GlobalSection(ExtensibilityGlobals) = postSolution
		SolutionGuid = {BCCFBF5A-9B4F-45D5-800D-E281BF42C1BA}
	EndGlobalSection
EndGlobal
